{
  "name": "command-center-marko",
  "version": "1.0.0",
  "lockfileVersion": 3,
  "requires": true,
  "packages": {
    "": {
      "name": "command-center-marko",
      "version": "1.0.0",
      "dependencies": {
        "@marko/compiler": "^5",
        "browserslist": "^4.28.1",
        "marko": "^5"
      }
    },
    "node_modules/@jridgewell/sourcemap-codec": {
      "version": "1.5.5",
      "resolved": "https://registry.npmjs.org/@jridgewell/sourcemap-codec/-/sourcemap-codec-1.5.5.tgz",
      "integrity": "sha512-cYQ9310grqxueWbl+WuIUIaiUaDcj7WOq5fVhEljNVgRfOUhY9fy2zTvfoqWsnebh8Sl70VScFbICvJnLKB0Og==",
      "license": "MIT"
    },
    "node_modules/@luxass/strip-json-comments": {
      "version": "1.4.0",
      "resolved": "https://registry.npmjs.org/@luxass/strip-json-comments/-/strip-json-comments-1.4.0.tgz",
      "integrity": "sha512-Zl343to4u/t8jz1q7R/1UY6hLX+344cwPLEXsIYthVwdU5zyjuVBGcpf2E24+QZkwFfRfmnHTcscreQzWn3hiA==",
      "license": "MIT",
      "engines": {
        "node": ">=18"
      }
    },
    "node_modules/@marko/compiler": {
      "version": "5.39.55",
      "resolved": "https://registry.npmjs.org/@marko/compiler/-/compiler-5.39.55.tgz",
      "integrity": "sha512-QHukS/gMzxKWcF5xALVAH1swVAudCXC5DA2DDC5r+TzBiQ0v+uz7D8oNlwxO2xjTRPu7AUukcufHscbhytcyGg==",
      "license": "MIT",
      "dependencies": {
        "@luxass/strip-json-comments": "^1.4.0",
        "complain": "^1.6.1",
        "he": "^1.2.0",
        "htmljs-parser": "^5.7.4",
        "jsesc": "^3.1.0",
        "kleur": "^4.1.5",
        "lasso-package-root": "^1.0.1",
        "raptor-regexp": "^1.0.1",
        "raptor-util": "^3.2.0",
        "relative-import-path": "^1.0.0",
        "resolve-from": "^5.0.0",
        "self-closing-tags": "^1.0.1",
        "source-map-support": "^0.5.21"
      },
      "engines": {
        "node": "18 || 20 || >=22"
      }
    },
    "node_modules/@marko/runtime-tags": {
      "version": "6.0.145",
      "resolved": "https://registry.npmjs.org/@marko/runtime-tags/-/runtime-tags-6.0.145.tgz",
      "integrity": "sha512-3M65F25XylMRoitQZ7NmvSCk8IliBwhT8ay5AJaChJ55NvR9B2l2mnT0YcDvVQjqxKGUYU/xKfNmFYGcCj2RVA==",
      "license": "MIT",
      "dependencies": {
        "@marko/compiler": "^5.39.53",
        "csstype": "^3.2.3",
        "magic-string": "^0.30.21"
      },
      "engines": {
        "node": "18 || 20 || >=22"
      }
    },
    "node_modules/app-module-path": {
      "version": "2.2.0",
      "resolved": "https://registry.npmjs.org/app-module-path/-/app-module-path-2.2.0.tgz",
      "integrity": "sha512-gkco+qxENJV+8vFcDiiFhuoSvRXb2a/QPqpSoWhVz829VNJfOTnELbBmPmNKFxf3xdNnw4DWCkzkDaavcX/1YQ==",
      "license": "BSD-2-Clause"
    },
    "node_modules/argly": {
      "version": "1.2.0",
      "resolved": "https://registry.npmjs.org/argly/-/argly-1.2.0.tgz",
      "integrity": "sha512-+F3InkcH2XOGK7Jf/ZQis4cwZ4wbfmpBKo5J+SAA9bglT1gVd0e9hroHWarU076pJrAfs8JKuRPwDqwPBOKHnw==",
      "license": "MIT"
    },
    "node_modules/assertion-error": {
      "version": "1.1.0",
      "resolved": "https://registry.npmjs.org/assertion-error/-/assertion-error-1.1.0.tgz",
      "integrity": "sha512-jgsaNduz+ndvGyFt3uSuWqvy4lCnIJiovtouQN5JZHOKCS2QuhEdbcQHFhVksz2N2U9hXJo8odG7ETyWlEeuDw==",
      "license": "MIT",
      "engines": {
        "node": "*"
      }
    },
    "node_modules/balanced-match": {
      "version": "1.0.2",
      "resolved": "https://registry.npmjs.org/balanced-match/-/balanced-match-1.0.2.tgz",
      "integrity": "sha512-3oSeUO0TMV67hN1AmbXsK4yaqU7tjiHlbxRDZOpH0KW9+CeX4bRAaX0Anxt0tx2MrpRpWwQaPwIlISEJhYU5Pw==",
      "license": "MIT"
    },
    "node_modules/baseline-browser-mapping": {
      "version": "2.9.19",
      "resolved": "https://registry.npmjs.org/baseline-browser-mapping/-/baseline-browser-mapping-2.9.19.tgz",
      "integrity": "sha512-ipDqC8FrAl/76p2SSWKSI+H9tFwm7vYqXQrItCuiVPt26Km0jS+NzSsBWAaBusvSbQcfJG+JitdMm+wZAgTYqg==",
      "license": "Apache-2.0",
      "bin": {
        "baseline-browser-mapping": "dist/cli.js"
      }
    },
    "node_modules/brace-expansion": {
      "version": "2.0.2",
      "resolved": "https://registry.npmjs.org/brace-expansion/-/brace-expansion-2.0.2.tgz",
      "integrity": "sha512-Jt0vHyM+jmUBqojB7E1NIYadt0vI0Qxjxd2TErW94wDz+E2LAm5vKMXXwg6ZZBTHPuUlDgQHKXvjGBdfcF1ZDQ==",
      "license": "MIT",
      "dependencies": {
        "balanced-match": "^1.0.0"
      }
    },
    "node_modules/browser-refresh-client": {
      "version": "1.1.4",
      "resolved": "https://registry.npmjs.org/browser-refresh-client/-/browser-refresh-client-1.1.4.tgz",
      "integrity": "sha512-FM/UzMFsG7wJ1ocxCSl6U7qGAIWASEk+tlvfJLP2Pd1JfS4kQ1r4d5f+nNmQI8fB8sXSD8+u/mWErEkAMxUu3w==",
      "license": "MIT"
    },
    "node_modules/browserslist": {
      "version": "4.28.1",
      "resolved": "https://registry.npmjs.org/browserslist/-/browserslist-4.28.1.tgz",
      "integrity": "sha512-ZC5Bd0LgJXgwGqUknZY/vkUQ04r8NXnJZ3yYi4vDmSiZmC/pdSN0NbNRPxZpbtO4uAfDUAFffO8IZoM3Gj8IkA==",
      "funding": [
        {
          "type": "opencollective",
          "url": "https://opencollective.com/browserslist"
        },
        {
          "type": "tidelift",
          "url": "https://tidelift.com/funding/github/npm/browserslist"
        },
        {
          "type": "github",
          "url": "https://github.com/sponsors/ai"
        }
      ],
      "license": "MIT",
      "dependencies": {
        "baseline-browser-mapping": "^2.9.0",
        "caniuse-lite": "^1.0.30001759",
        "electron-to-chromium": "^1.5.263",
        "node-releases": "^2.0.27",
        "update-browserslist-db": "^1.2.0"
      },
      "bin": {
        "browserslist": "cli.js"
      },
      "engines": {
        "node": "^6 || ^7 || ^8 || ^9 || ^10 || ^11 || ^12 || >=13.7"
      }
    },
    "node_modules/buffer-from": {
      "version": "1.1.2",
      "resolved": "https://registry.npmjs.org/buffer-from/-/buffer-from-1.1.2.tgz",
      "integrity": "sha512-E+XQCRwSbaaiChtv6k6Dwgc+bx+Bs6vuKJHHl5kox/BaKbhiXzqQOwK4cO22yElGp2OCmjwVhT3HmxgyPGnJfQ==",
      "license": "MIT"
    },
    "node_modules/caniuse-lite": {
      "version": "1.0.30001770",
      "resolved": "https://registry.npmjs.org/caniuse-lite/-/caniuse-lite-1.0.30001770.tgz",
      "integrity": "sha512-x/2CLQ1jHENRbHg5PSId2sXq1CIO1CISvwWAj027ltMVG2UNgW+w9oH2+HzgEIRFembL8bUlXtfbBHR1fCg2xw==",
      "funding": [
        {
          "type": "opencollective",
          "url": "https://opencollective.com/browserslist"
        },
        {
          "type": "tidelift",
          "url": "https://tidelift.com/funding/github/npm/caniuse-lite"
        },
        {
          "type": "github",
          "url": "https://github.com/sponsors/ai"
        }
      ],
      "license": "CC-BY-4.0"
    },
    "node_modules/chai": {
      "version": "3.5.0",
      "resolved": "https://registry.npmjs.org/chai/-/chai-3.5.0.tgz",
      "integrity": "sha512-eRYY0vPS2a9zt5w5Z0aCeWbrXTEyvk7u/Xf71EzNObrjSCPgMm1Nku/D/u2tiqHBX5j40wWhj54YJLtgn8g55A==",
      "license": "MIT",
      "dependencies": {
        "assertion-error": "^1.0.1",
        "deep-eql": "^0.1.3",
        "type-detect": "^1.0.0"
      },
      "engines": {
        "node": ">= 0.4.0"
      }
    },
    "node_modules/complain": {
      "version": "1.6.1",
      "resolved": "https://registry.npmjs.org/complain/-/complain-1.6.1.tgz",
      "integrity": "sha512-WsiVAbAPcPSwyC5k8g/PLceaW0MXJUw61KqBd9uiyDOSuDIC6Ho/EbyhdFjeV6wq44R2g/b8IFpvV/1ZyXiqUQ==",
      "license": "MIT",
      "dependencies": {
        "error-stack-parser": "^2.0.1"
      }
    },
    "node_modules/csstype": {
      "version": "3.2.3",
      "resolved": "https://registry.npmjs.org/csstype/-/csstype-3.2.3.tgz",
      "integrity": "sha512-z1HGKcYy2xA8AGQfwrn0PAy+PB7X/GSj3UVJW9qKyn43xWa+gl5nXmU4qqLMRzWVLFC8KusUX8T/0kCiOYpAIQ==",
      "license": "MIT"
    },
    "node_modules/deep-eql": {
      "version": "0.1.3",
      "resolved": "https://registry.npmjs.org/deep-eql/-/deep-eql-0.1.3.tgz",
      "integrity": "sha512-6sEotTRGBFiNcqVoeHwnfopbSpi5NbH1VWJmYCVkmxMmaVTT0bUTrNaGyBwhgP4MZL012W/mkzIn3Da+iDYweg==",
      "license": "MIT",
      "dependencies": {
        "type-detect": "0.1.1"
      },
      "engines": {
        "node": "*"
      }
    },
    "node_modules/deep-eql/node_modules/type-detect": {
      "version": "0.1.1",
      "resolved": "https://registry.npmjs.org/type-detect/-/type-detect-0.1.1.tgz",
      "integrity": "sha512-5rqszGVwYgBoDkIm2oUtvkfZMQ0vk29iDMU0W2qCa3rG0vPDNczCMT4hV/bLBgLg8k8ri6+u3Zbt+S/14eMzlA==",
      "license": "MIT",
      "engines": {
        "node": "*"
      }
    },
    "node_modules/electron-to-chromium": {
      "version": "1.5.286",
      "resolved": "https://registry.npmjs.org/electron-to-chromium/-/electron-to-chromium-1.5.286.tgz",
      "integrity": "sha512-9tfDXhJ4RKFNerfjdCcZfufu49vg620741MNs26a9+bhLThdB+plgMeou98CAaHu/WATj2iHOOHTp1hWtABj2A==",
      "license": "ISC"
    },
    "node_modules/error-stack-parser": {
      "version": "2.1.4",
      "resolved": "https://registry.npmjs.org/error-stack-parser/-/error-stack-parser-2.1.4.tgz",
      "integrity": "sha512-Sk5V6wVazPhq5MhpO+AUxJn5x7XSXGl1R93Vn7i+zS15KDVxQijejNCrz8340/2bgLBjR9GtEG8ZVKONDjcqGQ==",
      "license": "MIT",
      "dependencies": {
        "stackframe": "^1.3.4"
      }
    },
    "node_modules/escalade": {
      "version": "3.2.0",
      "resolved": "https://registry.npmjs.org/escalade/-/escalade-3.2.0.tgz",
      "integrity": "sha512-WUj2qlxaQtO4g6Pq5c29GTcWGDyd8itL8zTlipgECz3JesAiiOKotd8JU6otB3PACgG6xkJUyVhboMS+bje/jA==",
      "license": "MIT",
      "engines": {
        "node": ">=6"
      }
    },
    "node_modules/events-light": {
      "version": "1.0.5",
      "resolved": "https://registry.npmjs.org/events-light/-/events-light-1.0.5.tgz",
      "integrity": "sha512-jF51LJzg5W+tkJgfZbjlbFCLcyVFEtOjU+xMCBylrXG13X5XHvfp6lNGfyBLF9u1mRTpUsMVYqSDukvpZff1mQ==",
      "license": "MIT",
      "dependencies": {
        "chai": "^3.5.0"
      }
    },
    "node_modules/he": {
      "version": "1.2.0",
      "resolved": "https://registry.npmjs.org/he/-/he-1.2.0.tgz",
      "integrity": "sha512-F/1DnUGPopORZi0ni+CvrCgHQ5FyEAHRLSApuYWMmrbSwoN2Mn/7k+Gl38gJnR7yyDZk6WLXwiGod1JOWNDKGw==",
      "license": "MIT",
      "bin": {
        "he": "bin/he"
      }
    },
    "node_modules/htmljs-parser": {
      "version": "5.9.0",
      "resolved": "https://registry.npmjs.org/htmljs-parser/-/htmljs-parser-5.9.0.tgz",
      "integrity": "sha512-DEcz5QL9WGq4w9bc9y8U2DM0uALsR6vCqvDBsLeuJ1j6Bo/FyTNR7QtxSiUOQcAZFs/TYg6mMEAZ2/yVxVbt7Q==",
      "license": "MIT"
    },
    "node_modules/jsesc": {
      "version": "3.1.0",
      "resolved": "https://registry.npmjs.org/jsesc/-/jsesc-3.1.0.tgz",
      "integrity": "sha512-/sM3dO2FOzXjKQhJuo0Q173wf2KOo8t4I8vHy6lF9poUp7bKT0/NHE8fPX23PwfhnykfqnC2xRxOnVw5XuGIaA==",
      "license": "MIT",
      "bin": {
        "jsesc": "bin/jsesc"
      },
      "engines": {
        "node": ">=6"
      }
    },
    "node_modules/kleur": {
      "version": "4.1.5",
      "resolved": "https://registry.npmjs.org/kleur/-/kleur-4.1.5.tgz",
      "integrity": "sha512-o+NO+8WrRiQEE4/7nwRJhN1HWpVmJm511pBHUxPLtp0BUISzlBplORYSmTclCnJvQq2tKu/sgl3xVpkc7ZWuQQ==",
      "license": "MIT",
      "engines": {
        "node": ">=6"
      }
    },
    "node_modules/lasso-caching-fs": {
      "version": "1.0.2",
      "resolved": "https://registry.npmjs.org/lasso-caching-fs/-/lasso-caching-fs-1.0.2.tgz",
      "integrity": "sha512-mudop0s8U3tLm3Fn9lhiZsiELpLeJToEo6RlDLdph7vWRxL9Sz0o+9WUw1IwlpCYXv/P0CLsMYWFgPwIKWEYvg==",
      "license": "Apache-2.0",
      "dependencies": {
        "raptor-async": "^1.1.2"
      }
    },
    "node_modules/lasso-package-root": {
      "version": "1.0.1",
      "resolved": "https://registry.npmjs.org/lasso-package-root/-/lasso-package-root-1.0.1.tgz",
      "integrity": "sha512-j6LnauNCldqSDvOxoKpD6sTzudPGMiwcZQbySoF9KvJ0lD9Dp2t6QZF8kC0jbUDHuQPiAo5RuQ/mC3AGXscUYA==",
      "license": "Apache-2.0",
      "dependencies": {
        "lasso-caching-fs": "^1.0.0"
      }
    },
    "node_modules/listener-tracker": {
      "version": "2.0.0",
      "resolved": "https://registry.npmjs.org/listener-tracker/-/listener-tracker-2.0.0.tgz",
      "integrity": "sha512-U6NLzBRyrAsJs9AAjuBYifXtNYnAIDPIp81rNpxNoypXBR7qi/LhsuUWX5399zuTg1sBEQyOnWDYFrBQ28vk/w==",
      "license": "Apache-2.0"
    },
    "node_modules/magic-string": {
      "version": "0.30.21",
      "resolved": "https://registry.npmjs.org/magic-string/-/magic-string-0.30.21.tgz",
      "integrity": "sha512-vd2F4YUyEXKGcLHoq+TEyCjxueSeHnFxyyjNp80yg0XV4vUhnDer/lvvlqM/arB5bXQN5K2/3oinyCRyx8T2CQ==",
      "license": "MIT",
      "dependencies": {
        "@jridgewell/sourcemap-codec": "^1.5.5"
      }
    },
    "node_modules/marko": {
      "version": "5.38.24",
      "resolved": "https://registry.npmjs.org/marko/-/marko-5.38.24.tgz",
      "integrity": "sha512-/F/ZiziJK8T+XMsbfF0/GkXBvqEAnVkZDWHw016Ey6qiFJcSpR/zE5AJ8cXLAqk9WTM4/gRo51wlm2XocpBajg==",
      "license": "MIT",
      "dependencies": {
        "@marko/compiler": "^5.39.53",
        "@marko/runtime-tags": "^6.0.145",
        "app-module-path": "^2.2.0",
        "argly": "^1.2.0",
        "browser-refresh-client": "1.1.4",
        "complain": "^1.6.1",
        "csstype": "^3.2.3",
        "events-light": "^1.0.5",
        "listener-tracker": "^2.0.0",
        "magic-string": "^0.30.21",
        "minimatch": "^9.0.5",
        "raptor-util": "^3.2.0",
        "resolve-from": "^5.0.0",
        "self-closing-tags": "^1.0.1",
        "warp10": "^2.1.0"
      },
      "bin": {
        "markoc": "bin/markoc"
      },
      "engines": {
        "node": "18 || 20 || >=22"
      }
    },
    "node_modules/minimatch": {
      "version": "9.0.5",
      "resolved": "https://registry.npmjs.org/minimatch/-/minimatch-9.0.5.tgz",
      "integrity": "sha512-G6T0ZX48xgozx7587koeX9Ys2NYy6Gmv//P89sEte9V9whIapMNF4idKxnW2QtCcLiTWlb/wfCabAtAFWhhBow==",
      "license": "ISC",
      "dependencies": {
        "brace-expansion": "^2.0.1"
      },
      "engines": {
        "node": ">=16 || 14 >=14.17"
      },
      "funding": {
        "url": "https://github.com/sponsors/isaacs"
      }
    },
    "node_modules/node-releases": {
      "version": "2.0.27",
      "resolved": "https://registry.npmjs.org/node-releases/-/node-releases-2.0.27.tgz",
      "integrity": "sha512-nmh3lCkYZ3grZvqcCH+fjmQ7X+H0OeZgP40OierEaAptX4XofMh5kwNbWh7lBduUzCcV/8kZ+NDLCwm2iorIlA==",
      "license": "MIT"
    },
    "node_modules/picocolors": {
      "version": "1.1.1",
      "resolved": "https://registry.npmjs.org/picocolors/-/picocolors-1.1.1.tgz",
      "integrity": "sha512-xceH2snhtb5M9liqDsmEw56le376mTZkEX/jEb/RxNFyegNul7eNslCXP9FDj/Lcu0X8KEyMceP2ntpaHrDEVA==",
      "license": "ISC"
    },
    "node_modules/raptor-async": {
      "version": "1.1.3",
      "resolved": "https://registry.npmjs.org/raptor-async/-/raptor-async-1.1.3.tgz",
      "integrity": "sha512-VZCxygWMjW9lKqnApK9D2QbfyzRn7ehiTqnXWwMCLBXANSy+xbnYfbX/5f8YX3bZXu+g+JESmqWPchIQrZj2ig==",
      "license": "Apache License v2.0"
    },
    "node_modules/raptor-regexp": {
      "version": "1.0.1",
      "resolved": "https://registry.npmjs.org/raptor-regexp/-/raptor-regexp-1.0.1.tgz",
      "integrity": "sha512-DqC7ViHJUs3jLIxJI1/HVvCu3yPJaP8CM7PGsHvjimg7yJ3lLOdCBxlPE0G2Q8OJgUA8Pe7nvhm6lcQ3hZepow==",
      "license": "Apache License v2.0"
    },
    "node_modules/raptor-util": {
      "version": "3.2.0",
      "resolved": "https://registry.npmjs.org/raptor-util/-/raptor-util-3.2.0.tgz",
      "integrity": "sha512-uEDMMkBCJvjTqYMBnJNxn+neiS6a0rhybQNA9RaexGor1uvKjwyHA5VcbZMZEuqXhKUWbL+WNS7PhuZVZNB7pw==",
      "license": "Apache-2.0"
    },
    "node_modules/relative-import-path": {
      "version": "1.0.0",
      "resolved": "https://registry.npmjs.org/relative-import-path/-/relative-import-path-1.0.0.tgz",
      "integrity": "sha512-ZvbtoduKQmD4PZeJPfH6Ql21qUWhaMxiHkIsH+FUnZqKDwNIXBtGg5zRZyHWomiGYk8n5+KMBPK7Mi4D0XWfNg==",
      "license": "MIT"
    },
    "node_modules/resolve-from": {
      "version": "5.0.0",
      "resolved": "https://registry.npmjs.org/resolve-from/-/resolve-from-5.0.0.tgz",
      "integrity": "sha512-qYg9KP24dD5qka9J47d0aVky0N+b4fTU89LN9iDnjB5waksiC49rvMB0PrUJQGoTmH50XPiqOvAjDfaijGxYZw==",
      "license": "MIT",
      "engines": {
        "node": ">=8"
      }
    },
    "node_modules/self-closing-tags": {
      "version": "1.0.1",
      "resolved": "https://registry.npmjs.org/self-closing-tags/-/self-closing-tags-1.0.1.tgz",
      "integrity": "sha512-7t6hNbYMxM+VHXTgJmxwgZgLGktuXtVVD5AivWzNTdJBM4DBjnDKDzkf2SrNjihaArpeJYNjxkELBu1evI4lQA==",
      "license": "MIT",
      "engines": {
        "node": ">=0.12.0"
      }
    },
    "node_modules/source-map": {
      "version": "0.6.1",
      "resolved": "https://registry.npmjs.org/source-map/-/source-map-0.6.1.tgz",
      "integrity": "sha512-UjgapumWlbMhkBgzT7Ykc5YXUT46F0iKu8SGXq0bcwP5dz/h0Plj6enJqjz1Zbq2l5WaqYnrVbwWOWMyF3F47g==",
      "license": "BSD-3-Clause",
      "engines": {
        "node": ">=0.10.0"
      }
    },
    "node_modules/source-map-support": {
      "version": "0.5.21",
      "resolved": "https://registry.npmjs.org/source-map-support/-/source-map-support-0.5.21.tgz",
      "integrity": "sha512-uBHU3L3czsIyYXKX88fdrGovxdSCoTGDRZ6SYXtSRxLZUzHg5P/66Ht6uoUlHu9EZod+inXhKo3qQgwXUT/y1w==",
      "license": "MIT",
      "dependencies": {
        "buffer-from": "^1.0.0",
        "source-map": "^0.6.0"
      }
    },
    "node_modules/stackframe": {
      "version": "1.3.4",
      "resolved": "https://registry.npmjs.org/stackframe/-/stackframe-1.3.4.tgz",
      "integrity": "sha512-oeVtt7eWQS+Na6F//S4kJ2K2VbRlS9D43mAlMyVpVWovy9o+jfgH8O9agzANzaiLjclA0oYzUXEM4PurhSUChw==",
      "license": "MIT"
    },
    "node_modules/type-detect": {
      "version": "1.0.0",
      "resolved": "https://registry.npmjs.org/type-detect/-/type-detect-1.0.0.tgz",
      "integrity": "sha512-f9Uv6ezcpvCQjJU0Zqbg+65qdcszv3qUQsZfjdRbWiZ7AMenrX1u0lNk9EoWWX6e1F+NULyg27mtdeZ5WhpljA==",
      "license": "MIT",
      "engines": {
        "node": "*"
      }
    },
    "node_modules/update-browserslist-db": {
      "version": "1.2.3",
      "resolved": "https://registry.npmjs.org/update-browserslist-db/-/update-browserslist-db-1.2.3.tgz",
      "integrity": "sha512-Js0m9cx+qOgDxo0eMiFGEueWztz+d4+M3rGlmKPT+T4IS/jP4ylw3Nwpu6cpTTP8R1MAC1kF4VbdLt3ARf209w==",
      "funding": [
        {
          "type": "opencollective",
          "url": "https://opencollective.com/browserslist"
        },
        {
          "type": "tidelift",
          "url": "https://tidelift.com/funding/github/npm/browserslist"
        },
        {
          "type": "github",
          "url": "https://github.com/sponsors/ai"
        }
      ],
      "license": "MIT",
      "dependencies": {
        "escalade": "^3.2.0",
        "picocolors": "^1.1.1"
      },
      "bin": {
        "update-browserslist-db": "cli.js"
      },
      "peerDependencies": {
        "browserslist": ">= 4.21.0"
      }
    },
    "node_modules/warp10": {
      "version": "2.1.0",
      "resolved": "https://registry.npmjs.org/warp10/-/warp10-2.1.0.tgz",
      "integrity": "sha512-krhkqzJdUxAZv2Cx0Gz6dN1r7TTrG9RDewkDHBbJQIqbNTCdB5ZUHVh7VkA4DgrKW4ZXPPUQKCwmI/3btDse9A==",
      "license": "MIT"
    }
  }
}
